
Microsoft Visual Studio Solution File, Format Version 12.00
# Visual Studio Version 17
VisualStudioVersion = 17.3.32929.385
MinimumVisualStudioVersion = 10.0.40219.1
Project("{FAE04EC0-301F-11D3-BF4B-00C04F79EFBC}") = "NZWalks.API", "NZWalks.API\NZWalks.API.csproj", "{572862CE-2C02-45DE-AC2B-8BF78C45383B}"
EndProject
Global
	GlobalSection(SolutionConfigurationPlatforms) = preSolution
		Debug|Any CPU = Debug|Any CPU
		Release|Any CPU = Release|Any CPU
	EndGlobalSection
	GlobalSection(ProjectConfigurationPlatforms) = postSolution
		{572862CE-2C02-45DE-AC2B-8BF78C45383B}.Debug|Any CPU.ActiveCfg = Debug|Any CPU
		{572862CE-2C02-45DE-AC2B-8BF78C45383B}.Debug|Any CPU.Build.0 = Debug|Any CPU
		{572862CE-2C02-45DE-AC2B-8BF78C45383B}.Release|Any CPU.ActiveCfg = Release|Any CPU
		{572862CE-2C02-45DE-AC2B-8BF78C45383B}.Release|Any CPU.Build.0 = Release|Any CPU
	EndGlobalSection
	GlobalSection(SolutionProperties) = preSolution
		HideSolutionNode = FALSE
	EndGlobalSection
	GlobalSection(ExtensibilityGlobals) = postSolution
		SolutionGuid = {02822639-AD2A-4F0F-A287-A3DAF89C9F96}
	EndGlobalSection
EndGlobal
